
Microsoft Visual Studio Solution File, Format Version 12.00
# Visual Studio 15
Project("{FAE04EC0-301F-11D3-BF4B-00C04F79EFBC}") = "NanoLoanApi", "NanoLoanApi\NanoLoanApi.csproj", "{07D18B66-B19A-4705-BD6B-D3F214202922}"
EndProject
Project("{FAE04EC0-301F-11D3-BF4B-00C04F79EFBC}") = "NanoLoanApi.Core", "NanoLoanApi.Core\NanoLoanApi.Core.csproj", "{EE82857E-D49F-4254-B654-60940FB0F2CA}"
EndProject
Global
	GlobalSection(SolutionConfigurationPlatforms) = preSolution
		Debug|Any CPU = Debug|Any CPU
		Release|Any CPU = Release|Any CPU
	EndGlobalSection
	GlobalSection(ProjectConfigurationPlatforms) = postSolution
		{07D18B66-B19A-4705-BD6B-D3F214202922}.Debug|Any CPU.ActiveCfg = Debug|Any CPU
		{07D18B66-B19A-4705-BD6B-D3F214202922}.Debug|Any CPU.Build.0 = Debug|Any CPU
		{07D18B66-B19A-4705-BD6B-D3F214202922}.Release|Any CPU.ActiveCfg = Release|Any CPU
		{07D18B66-B19A-4705-BD6B-D3F214202922}.Release|Any CPU.Build.0 = Release|Any CPU
		{EE82857E-D49F-4254-B654-60940FB0F2CA}.Debug|Any CPU.ActiveCfg = Debug|Any CPU
		{EE82857E-D49F-4254-B654-60940FB0F2CA}.Debug|Any CPU.Build.0 = Debug|Any CPU
		{EE82857E-D49F-4254-B654-60940FB0F2CA}.Release|Any CPU.ActiveCfg = Release|Any CPU
		{EE82857E-D49F-4254-B654-60940FB0F2CA}.Release|Any CPU.Build.0 = Release|Any CPU
	EndGlobalSection
EndGlobal
